
Microsoft Visual Studio Solution File, Format Version 12.00
# Visual Studio Version 17
VisualStudioVersion = 17.8.34330.188
MinimumVisualStudioVersion = 10.0.40219.1
Project("{FAE04EC0-301F-11D3-BF4B-00C04F79EFBC}") = "ToDoApplication", "ToDoApplication\ToDoApplication.csproj", "{2F3FBC07-DB0E-4892-A1E7-91BB03D8546A}"
EndProject
Global
	GlobalSection(SolutionConfigurationPlatforms) = preSolution
		Debug|Any CPU = Debug|Any CPU
		Release|Any CPU = Release|Any CPU
	EndGlobalSection
	GlobalSection(ProjectConfigurationPlatforms) = postSolution
		{2F3FBC07-DB0E-4892-A1E7-91BB03D8546A}.Debug|Any CPU.ActiveCfg = Debug|Any CPU
		{2F3FBC07-DB0E-4892-A1E7-91BB03D8546A}.Debug|Any CPU.Build.0 = Debug|Any CPU
		{2F3FBC07-DB0E-4892-A1E7-91BB03D8546A}.Release|Any CPU.ActiveCfg = Release|Any CPU
		{2F3FBC07-DB0E-4892-A1E7-91BB03D8546A}.Release|Any CPU.Build.0 = Release|Any CPU
	EndGlobalSection
	GlobalSection(SolutionProperties) = preSolution
		HideSolutionNode = FALSE
	EndGlobalSection
	GlobalSection(ExtensibilityGlobals) = postSolution
		SolutionGuid = {31B68D98-D821-4E54-886D-EEA46AAE47F1}
	EndGlobalSection
EndGlobal
